
Microsoft Visual Studio Solution File, Format Version 12.00
# Visual Studio 15
VisualStudioVersion = 15.0.28010.2019
MinimumVisualStudioVersion = 10.0.40219.1
Project("{9A19103F-16F7-4668-BE54-9A1E7A4F7556}") = "Skeleton.Domain", "Skeleton.Domain\Skeleton.Domain.csproj", "{2BC2C044-8347-4078-B45E-2E3B318641F0}"
EndProject
Project("{9A19103F-16F7-4668-BE54-9A1E7A4F7556}") = "Company.Infra", "Company.Infra\Company.Infra.csproj", "{6E69ABF7-92A5-4EF8-AC7F-6FE191CD4D1E}"
EndProject
Project("{2150E333-8FDC-42A3-9474-1A3956D46DE8}") = "Impl", "Impl", "{1508AFEF-8210-44C5-A59A-BB3986C9BF45}"
EndProject
Project("{9A19103F-16F7-4668-BE54-9A1E7A4F7556}") = "Skeleton.Impl.Repositories", "Skeleton.Impl.Repositories\Skeleton.Impl.Repositories.csproj", "{F4AB2B4A-B2BF-41CA-AABF-6F6B2CD0EC8A}"
EndProject
Project("{9A19103F-16F7-4668-BE54-9A1E7A4F7556}") = "Skeleton.Impl.Services", "Skeleton.Impl.Services\Skeleton.Impl.Services.csproj", "{E13D7D85-C6F8-49C2-B372-AD566AE2727D}"
EndProject
Project("{FAE04EC0-301F-11D3-BF4B-00C04F79EFBC}") = "Skeleton.API", "Skeleton.API\Skeleton.API.csproj", "{660BDD3E-14AB-4B20-98C1-2592E8E49BF5}"
EndProject
Project("{FAE04EC0-301F-11D3-BF4B-00C04F79EFBC}") = "Skeleton.Domain.Tests", "Skeleton.Domain.Tests\Skeleton.Domain.Tests.csproj", "{338D237D-7DF3-4752-8287-6CCE6507A6D7}"
EndProject
Project("{2150E333-8FDC-42A3-9474-1A3956D46DE8}") = "Domain", "Domain", "{184947DD-9D7A-42A3-97A9-911882D4F9BE}"
EndProject
Project("{2150E333-8FDC-42A3-9474-1A3956D46DE8}") = "_Infra", "_Infra", "{F502C9B7-2672-43A4-B6C3-F21454CB0590}"
EndProject
Global
	GlobalSection(SolutionConfigurationPlatforms) = preSolution
		Debug|Any CPU = Debug|Any CPU
		Release|Any CPU = Release|Any CPU
	EndGlobalSection
	GlobalSection(ProjectConfigurationPlatforms) = postSolution
		{2BC2C044-8347-4078-B45E-2E3B318641F0}.Debug|Any CPU.ActiveCfg = Debug|Any CPU
		{2BC2C044-8347-4078-B45E-2E3B318641F0}.Debug|Any CPU.Build.0 = Debug|Any CPU
		{2BC2C044-8347-4078-B45E-2E3B318641F0}.Release|Any CPU.ActiveCfg = Release|Any CPU
		{2BC2C044-8347-4078-B45E-2E3B318641F0}.Release|Any CPU.Build.0 = Release|Any CPU
		{6E69ABF7-92A5-4EF8-AC7F-6FE191CD4D1E}.Debug|Any CPU.ActiveCfg = Debug|Any CPU
		{6E69ABF7-92A5-4EF8-AC7F-6FE191CD4D1E}.Debug|Any CPU.Build.0 = Debug|Any CPU
		{6E69ABF7-92A5-4EF8-AC7F-6FE191CD4D1E}.Release|Any CPU.ActiveCfg = Release|Any CPU
		{6E69ABF7-92A5-4EF8-AC7F-6FE191CD4D1E}.Release|Any CPU.Build.0 = Release|Any CPU
		{F4AB2B4A-B2BF-41CA-AABF-6F6B2CD0EC8A}.Debug|Any CPU.ActiveCfg = Debug|Any CPU
		{F4AB2B4A-B2BF-41CA-AABF-6F6B2CD0EC8A}.Debug|Any CPU.Build.0 = Debug|Any CPU
		{F4AB2B4A-B2BF-41CA-AABF-6F6B2CD0EC8A}.Release|Any CPU.ActiveCfg = Release|Any CPU
		{F4AB2B4A-B2BF-41CA-AABF-6F6B2CD0EC8A}.Release|Any CPU.Build.0 = Release|Any CPU
		{E13D7D85-C6F8-49C2-B372-AD566AE2727D}.Debug|Any CPU.ActiveCfg = Debug|Any CPU
		{E13D7D85-C6F8-49C2-B372-AD566AE2727D}.Debug|Any CPU.Build.0 = Debug|Any CPU
		{E13D7D85-C6F8-49C2-B372-AD566AE2727D}.Release|Any CPU.ActiveCfg = Release|Any CPU
		{E13D7D85-C6F8-49C2-B372-AD566AE2727D}.Release|Any CPU.Build.0 = Release|Any CPU
		{660BDD3E-14AB-4B20-98C1-2592E8E49BF5}.Debug|Any CPU.ActiveCfg = Debug|Any CPU
		{660BDD3E-14AB-4B20-98C1-2592E8E49BF5}.Debug|Any CPU.Build.0 = Debug|Any CPU
		{660BDD3E-14AB-4B20-98C1-2592E8E49BF5}.Release|Any CPU.ActiveCfg = Release|Any CPU
		{660BDD3E-14AB-4B20-98C1-2592E8E49BF5}.Release|Any CPU.Build.0 = Release|Any CPU
		{338D237D-7DF3-4752-8287-6CCE6507A6D7}.Debug|Any CPU.ActiveCfg = Debug|Any CPU
		{338D237D-7DF3-4752-8287-6CCE6507A6D7}.Debug|Any CPU.Build.0 = Debug|Any CPU
		{338D237D-7DF3-4752-8287-6CCE6507A6D7}.Release|Any CPU.ActiveCfg = Release|Any CPU
		{338D237D-7DF3-4752-8287-6CCE6507A6D7}.Release|Any CPU.Build.0 = Release|Any CPU
	EndGlobalSection
	GlobalSection(SolutionProperties) = preSolution
		HideSolutionNode = FALSE
	EndGlobalSection
	GlobalSection(NestedProjects) = preSolution
		{2BC2C044-8347-4078-B45E-2E3B318641F0} = {184947DD-9D7A-42A3-97A9-911882D4F9BE}
		{6E69ABF7-92A5-4EF8-AC7F-6FE191CD4D1E} = {F502C9B7-2672-43A4-B6C3-F21454CB0590}
		{1508AFEF-8210-44C5-A59A-BB3986C9BF45} = {184947DD-9D7A-42A3-97A9-911882D4F9BE}
		{F4AB2B4A-B2BF-41CA-AABF-6F6B2CD0EC8A} = {1508AFEF-8210-44C5-A59A-BB3986C9BF45}
		{E13D7D85-C6F8-49C2-B372-AD566AE2727D} = {1508AFEF-8210-44C5-A59A-BB3986C9BF45}
		{338D237D-7DF3-4752-8287-6CCE6507A6D7} = {184947DD-9D7A-42A3-97A9-911882D4F9BE}
	EndGlobalSection
	GlobalSection(ExtensibilityGlobals) = postSolution
		SolutionGuid = {A4FE28C0-7973-453F-86D9-1ECFDE791F83}
	EndGlobalSection
EndGlobal
