
Microsoft Visual Studio Solution File, Format Version 12.00
# Visual Studio Version 16
VisualStudioVersion = 16.0.28407.52
MinimumVisualStudioVersion = 10.0.40219.1
Project("{2150E333-8FDC-42A3-9474-1A3956D46DE8}") = "1 - Application", "1 - Application", "{8CB7CFE2-2275-43FD-A91D-0C24E3548756}"
EndProject
Project("{2150E333-8FDC-42A3-9474-1A3956D46DE8}") = "1.1 - Edge", "1.1 - Edge", "{F72E1D20-A425-42D8-9098-62951E609D35}"
EndProject
Project("{2150E333-8FDC-42A3-9474-1A3956D46DE8}") = "1.2 - Transport", "1.2 - Transport", "{FA4B3885-B26F-4EC5-8ED3-9BA56DD3571A}"
EndProject
Project("{2150E333-8FDC-42A3-9474-1A3956D46DE8}") = "1.3 - Service", "1.3 - Service", "{01494EDA-637F-48BB-B2BD-772D0EAB21E4}"
EndProject
Project("{2150E333-8FDC-42A3-9474-1A3956D46DE8}") = "1.4 - Model", "1.4 - Model", "{C9260254-D6FA-427E-83C9-44233687F0D8}"
EndProject
Project("{2150E333-8FDC-42A3-9474-1A3956D46DE8}") = "2 - Infrastructure", "2 - Infrastructure", "{51C0D493-D7BA-4719-9AA0-16B1368465CF}"
EndProject
Project("{FAE04EC0-301F-11D3-BF4B-00C04F79EFBC}") = "Service.Contracts", "Service.Contracts\Service.Contracts.csproj", "{A15D7E32-ADCB-4137-BFDB-F44F4F87751C}"
EndProject
Project("{FAE04EC0-301F-11D3-BF4B-00C04F79EFBC}") = "Service.Impl.V1", "Service.Impl.V1\Service.Impl.V1.csproj", "{38D27E54-4CAB-4D47-96FC-F434669406DE}"
EndProject
Project("{FAE04EC0-301F-11D3-BF4B-00C04F79EFBC}") = "Transport.DTO", "Transport.DTO\Transport.DTO.csproj", "{9CD42883-4620-4A72-A4DB-BD229BBB0848}"
EndProject
Project("{FAE04EC0-301F-11D3-BF4B-00C04F79EFBC}") = "Edge.WebAPI", "Edge.WebAPI\Edge.WebAPI.csproj", "{A730FF07-3DEB-411F-9261-515D3D1139B9}"
EndProject
Project("{FAE04EC0-301F-11D3-BF4B-00C04F79EFBC}") = "Edge.ClientSDK", "Edge.ClientSDK\Edge.ClientSDK.csproj", "{34F2C001-CC4C-4FBA-8041-7309D5E9B109}"
EndProject
Project("{FAE04EC0-301F-11D3-BF4B-00C04F79EFBC}") = "Model.Entities", "Model.Entities\Model.Entities.csproj", "{E42AC4CF-C56F-47E1-B554-594FCB603FF3}"
EndProject
Project("{2150E333-8FDC-42A3-9474-1A3956D46DE8}") = "1.5 - Accessors", "1.5 - Accessors", "{904D4406-C6EF-424F-A672-1374A5763937}"
EndProject
Project("{FAE04EC0-301F-11D3-BF4B-00C04F79EFBC}") = "Model.VO", "Model.VO\Model.VO.csproj", "{F4861946-94F9-43F1-A99B-B7B3569D28A5}"
EndProject
Project("{FAE04EC0-301F-11D3-BF4B-00C04F79EFBC}") = "Repository.Contracts", "Repository.Contracts\Repository.Contracts.csproj", "{8E71AA22-9E90-494F-A422-530EE78FADEE}"
EndProject
Project("{FAE04EC0-301F-11D3-BF4B-00C04F79EFBC}") = "Repository.Impl.V1", "Repository.Impl.V1\Repository.Impl.V1.csproj", "{684E3483-AA24-49C8-9ACA-DE9C4006C6B3}"
EndProject
Project("{9A19103F-16F7-4668-BE54-9A1E7A4F7556}") = "Galiza.Infrastructure", "Galiza.Infrastructure\Galiza.Infrastructure.csproj", "{D42A1215-4C06-4600-8C0F-0BFC0843A9DF}"
EndProject
Global
	GlobalSection(SolutionConfigurationPlatforms) = preSolution
		Debug|Any CPU = Debug|Any CPU
		Release|Any CPU = Release|Any CPU
	EndGlobalSection
	GlobalSection(ProjectConfigurationPlatforms) = postSolution
		{A15D7E32-ADCB-4137-BFDB-F44F4F87751C}.Debug|Any CPU.ActiveCfg = Debug|Any CPU
		{A15D7E32-ADCB-4137-BFDB-F44F4F87751C}.Debug|Any CPU.Build.0 = Debug|Any CPU
		{A15D7E32-ADCB-4137-BFDB-F44F4F87751C}.Release|Any CPU.ActiveCfg = Release|Any CPU
		{A15D7E32-ADCB-4137-BFDB-F44F4F87751C}.Release|Any CPU.Build.0 = Release|Any CPU
		{38D27E54-4CAB-4D47-96FC-F434669406DE}.Debug|Any CPU.ActiveCfg = Debug|Any CPU
		{38D27E54-4CAB-4D47-96FC-F434669406DE}.Debug|Any CPU.Build.0 = Debug|Any CPU
		{38D27E54-4CAB-4D47-96FC-F434669406DE}.Release|Any CPU.ActiveCfg = Release|Any CPU
		{38D27E54-4CAB-4D47-96FC-F434669406DE}.Release|Any CPU.Build.0 = Release|Any CPU
		{9CD42883-4620-4A72-A4DB-BD229BBB0848}.Debug|Any CPU.ActiveCfg = Debug|Any CPU
		{9CD42883-4620-4A72-A4DB-BD229BBB0848}.Debug|Any CPU.Build.0 = Debug|Any CPU
		{9CD42883-4620-4A72-A4DB-BD229BBB0848}.Release|Any CPU.ActiveCfg = Release|Any CPU
		{9CD42883-4620-4A72-A4DB-BD229BBB0848}.Release|Any CPU.Build.0 = Release|Any CPU
		{A730FF07-3DEB-411F-9261-515D3D1139B9}.Debug|Any CPU.ActiveCfg = Debug|Any CPU
		{A730FF07-3DEB-411F-9261-515D3D1139B9}.Debug|Any CPU.Build.0 = Debug|Any CPU
		{A730FF07-3DEB-411F-9261-515D3D1139B9}.Release|Any CPU.ActiveCfg = Release|Any CPU
		{A730FF07-3DEB-411F-9261-515D3D1139B9}.Release|Any CPU.Build.0 = Release|Any CPU
		{34F2C001-CC4C-4FBA-8041-7309D5E9B109}.Debug|Any CPU.ActiveCfg = Debug|Any CPU
		{34F2C001-CC4C-4FBA-8041-7309D5E9B109}.Debug|Any CPU.Build.0 = Debug|Any CPU
		{34F2C001-CC4C-4FBA-8041-7309D5E9B109}.Release|Any CPU.ActiveCfg = Release|Any CPU
		{34F2C001-CC4C-4FBA-8041-7309D5E9B109}.Release|Any CPU.Build.0 = Release|Any CPU
		{E42AC4CF-C56F-47E1-B554-594FCB603FF3}.Debug|Any CPU.ActiveCfg = Debug|Any CPU
		{E42AC4CF-C56F-47E1-B554-594FCB603FF3}.Debug|Any CPU.Build.0 = Debug|Any CPU
		{E42AC4CF-C56F-47E1-B554-594FCB603FF3}.Release|Any CPU.ActiveCfg = Release|Any CPU
		{E42AC4CF-C56F-47E1-B554-594FCB603FF3}.Release|Any CPU.Build.0 = Release|Any CPU
		{F4861946-94F9-43F1-A99B-B7B3569D28A5}.Debug|Any CPU.ActiveCfg = Debug|Any CPU
		{F4861946-94F9-43F1-A99B-B7B3569D28A5}.Debug|Any CPU.Build.0 = Debug|Any CPU
		{F4861946-94F9-43F1-A99B-B7B3569D28A5}.Release|Any CPU.ActiveCfg = Release|Any CPU
		{F4861946-94F9-43F1-A99B-B7B3569D28A5}.Release|Any CPU.Build.0 = Release|Any CPU
		{8E71AA22-9E90-494F-A422-530EE78FADEE}.Debug|Any CPU.ActiveCfg = Debug|Any CPU
		{8E71AA22-9E90-494F-A422-530EE78FADEE}.Debug|Any CPU.Build.0 = Debug|Any CPU
		{8E71AA22-9E90-494F-A422-530EE78FADEE}.Release|Any CPU.ActiveCfg = Release|Any CPU
		{8E71AA22-9E90-494F-A422-530EE78FADEE}.Release|Any CPU.Build.0 = Release|Any CPU
		{684E3483-AA24-49C8-9ACA-DE9C4006C6B3}.Debug|Any CPU.ActiveCfg = Debug|Any CPU
		{684E3483-AA24-49C8-9ACA-DE9C4006C6B3}.Debug|Any CPU.Build.0 = Debug|Any CPU
		{684E3483-AA24-49C8-9ACA-DE9C4006C6B3}.Release|Any CPU.ActiveCfg = Release|Any CPU
		{684E3483-AA24-49C8-9ACA-DE9C4006C6B3}.Release|Any CPU.Build.0 = Release|Any CPU
		{D42A1215-4C06-4600-8C0F-0BFC0843A9DF}.Debug|Any CPU.ActiveCfg = Debug|Any CPU
		{D42A1215-4C06-4600-8C0F-0BFC0843A9DF}.Debug|Any CPU.Build.0 = Debug|Any CPU
		{D42A1215-4C06-4600-8C0F-0BFC0843A9DF}.Release|Any CPU.ActiveCfg = Release|Any CPU
		{D42A1215-4C06-4600-8C0F-0BFC0843A9DF}.Release|Any CPU.Build.0 = Release|Any CPU
	EndGlobalSection
	GlobalSection(SolutionProperties) = preSolution
		HideSolutionNode = FALSE
	EndGlobalSection
	GlobalSection(NestedProjects) = preSolution
		{F72E1D20-A425-42D8-9098-62951E609D35} = {8CB7CFE2-2275-43FD-A91D-0C24E3548756}
		{FA4B3885-B26F-4EC5-8ED3-9BA56DD3571A} = {8CB7CFE2-2275-43FD-A91D-0C24E3548756}
		{01494EDA-637F-48BB-B2BD-772D0EAB21E4} = {8CB7CFE2-2275-43FD-A91D-0C24E3548756}
		{C9260254-D6FA-427E-83C9-44233687F0D8} = {8CB7CFE2-2275-43FD-A91D-0C24E3548756}
		{A15D7E32-ADCB-4137-BFDB-F44F4F87751C} = {01494EDA-637F-48BB-B2BD-772D0EAB21E4}
		{38D27E54-4CAB-4D47-96FC-F434669406DE} = {01494EDA-637F-48BB-B2BD-772D0EAB21E4}
		{9CD42883-4620-4A72-A4DB-BD229BBB0848} = {FA4B3885-B26F-4EC5-8ED3-9BA56DD3571A}
		{A730FF07-3DEB-411F-9261-515D3D1139B9} = {F72E1D20-A425-42D8-9098-62951E609D35}
		{34F2C001-CC4C-4FBA-8041-7309D5E9B109} = {F72E1D20-A425-42D8-9098-62951E609D35}
		{E42AC4CF-C56F-47E1-B554-594FCB603FF3} = {C9260254-D6FA-427E-83C9-44233687F0D8}
		{904D4406-C6EF-424F-A672-1374A5763937} = {8CB7CFE2-2275-43FD-A91D-0C24E3548756}
		{F4861946-94F9-43F1-A99B-B7B3569D28A5} = {C9260254-D6FA-427E-83C9-44233687F0D8}
		{8E71AA22-9E90-494F-A422-530EE78FADEE} = {904D4406-C6EF-424F-A672-1374A5763937}
		{684E3483-AA24-49C8-9ACA-DE9C4006C6B3} = {904D4406-C6EF-424F-A672-1374A5763937}
		{D42A1215-4C06-4600-8C0F-0BFC0843A9DF} = {51C0D493-D7BA-4719-9AA0-16B1368465CF}
	EndGlobalSection
	GlobalSection(ExtensibilityGlobals) = postSolution
		SolutionGuid = {FBE09050-3B14-40E7-B49A-170EFCCE99F3}
	EndGlobalSection
EndGlobal
