
Microsoft Visual Studio Solution File, Format Version 12.00
# Visual Studio 15
VisualStudioVersion = 15.0.28307.168
MinimumVisualStudioVersion = 10.0.40219.1
Project("{2150E333-8FDC-42A3-9474-1A3956D46DE8}") = "1 - Application", "1 - Application", "{245B8D2E-DF13-4B71-A18B-E9013A18461B}"
EndProject
Project("{2150E333-8FDC-42A3-9474-1A3956D46DE8}") = "2 - Infraestructure", "2 - Infraestructure", "{C1534D23-4A82-441F-8DE8-719621602789}"
EndProject
Project("{FAE04EC0-301F-11D3-BF4B-00C04F79EFBC}") = "Company.Infraestructure", "..\Company.Infraestructure\Company.Infraestructure.csproj", "{A2DDD402-3CE6-42B3-8A64-ED0EC9C1B558}"
EndProject
Project("{2150E333-8FDC-42A3-9474-1A3956D46DE8}") = "1.1 - Presentation", "1.1 - Presentation", "{03B9C581-6DDA-476B-8CEF-0325370972F3}"
EndProject
Project("{2150E333-8FDC-42A3-9474-1A3956D46DE8}") = "1.2 - Edge", "1.2 - Edge", "{88494CA1-E335-4116-A479-BD5A5E822641}"
EndProject
Project("{FAE04EC0-301F-11D3-BF4B-00C04F79EFBC}") = "Edge.DTO", "Edge.DTO\Edge.DTO.csproj", "{FBF14C4A-7614-4E60-A96E-399F40318CA5}"
EndProject
Project("{FAE04EC0-301F-11D3-BF4B-00C04F79EFBC}") = "Edge.Application", "Edge.Application\Edge.Application.csproj", "{30E794FB-4259-4197-8A99-8E1E91903D8D}"
EndProject
Project("{2150E333-8FDC-42A3-9474-1A3956D46DE8}") = "1.3 - Domain", "1.3 - Domain", "{E374FF30-8806-496C-95FF-952BE6138FE6}"
EndProject
Project("{FAE04EC0-301F-11D3-BF4B-00C04F79EFBC}") = "Domain.Model", "Domain.Model\Domain.Model.csproj", "{97CED487-AC90-451B-B367-2F78F8515A3D}"
EndProject
Project("{2150E333-8FDC-42A3-9474-1A3956D46DE8}") = "1.4 - Implementations", "1.4 - Implementations", "{ADCB26B6-226F-418E-91EB-D204CF18FE5E}"
EndProject
Project("{FAE04EC0-301F-11D3-BF4B-00C04F79EFBC}") = "Domain.Essence", "Domain.Essence\Domain.Essence.csproj", "{3C1A75AC-C3B8-4962-A12B-D84F308C1845}"
EndProject
Project("{9A19103F-16F7-4668-BE54-9A1E7A4F7556}") = "Services", "Implementations\Services\Services.csproj", "{751FC74D-C9E7-40AD-9740-53845C8741F4}"
EndProject
Project("{9A19103F-16F7-4668-BE54-9A1E7A4F7556}") = "Clients", "Implementations\Clients\Clients.csproj", "{C3ADDF4B-703D-486D-85C0-6D32E9C62B52}"
EndProject
Project("{FAE04EC0-301F-11D3-BF4B-00C04F79EFBC}") = "Repositories", "Implementations\Repositories\Repositories.csproj", "{28C557CC-6C71-4440-B0B0-274A8942E07A}"
EndProject
Project("{FAE04EC0-301F-11D3-BF4B-00C04F79EFBC}") = "Presentation.API", "Presentation.API\Presentation.API.csproj", "{36EB8EA8-BB96-44A9-AD20-838919C29D25}"
EndProject
Project("{FAE04EC0-301F-11D3-BF4B-00C04F79EFBC}") = "Presentation.SDK", "Presentation.SDK\Presentation.SDK.csproj", "{D4D5BEA9-080D-42BC-A781-245B7C9C32D7}"
EndProject
Global
	GlobalSection(SolutionConfigurationPlatforms) = preSolution
		Debug|Any CPU = Debug|Any CPU
		Release|Any CPU = Release|Any CPU
	EndGlobalSection
	GlobalSection(ProjectConfigurationPlatforms) = postSolution
		{A2DDD402-3CE6-42B3-8A64-ED0EC9C1B558}.Debug|Any CPU.ActiveCfg = Debug|Any CPU
		{A2DDD402-3CE6-42B3-8A64-ED0EC9C1B558}.Debug|Any CPU.Build.0 = Debug|Any CPU
		{A2DDD402-3CE6-42B3-8A64-ED0EC9C1B558}.Release|Any CPU.ActiveCfg = Release|Any CPU
		{A2DDD402-3CE6-42B3-8A64-ED0EC9C1B558}.Release|Any CPU.Build.0 = Release|Any CPU
		{FBF14C4A-7614-4E60-A96E-399F40318CA5}.Debug|Any CPU.ActiveCfg = Debug|Any CPU
		{FBF14C4A-7614-4E60-A96E-399F40318CA5}.Debug|Any CPU.Build.0 = Debug|Any CPU
		{FBF14C4A-7614-4E60-A96E-399F40318CA5}.Release|Any CPU.ActiveCfg = Release|Any CPU
		{FBF14C4A-7614-4E60-A96E-399F40318CA5}.Release|Any CPU.Build.0 = Release|Any CPU
		{30E794FB-4259-4197-8A99-8E1E91903D8D}.Debug|Any CPU.ActiveCfg = Debug|Any CPU
		{30E794FB-4259-4197-8A99-8E1E91903D8D}.Debug|Any CPU.Build.0 = Debug|Any CPU
		{30E794FB-4259-4197-8A99-8E1E91903D8D}.Release|Any CPU.ActiveCfg = Release|Any CPU
		{30E794FB-4259-4197-8A99-8E1E91903D8D}.Release|Any CPU.Build.0 = Release|Any CPU
		{97CED487-AC90-451B-B367-2F78F8515A3D}.Debug|Any CPU.ActiveCfg = Debug|Any CPU
		{97CED487-AC90-451B-B367-2F78F8515A3D}.Debug|Any CPU.Build.0 = Debug|Any CPU
		{97CED487-AC90-451B-B367-2F78F8515A3D}.Release|Any CPU.ActiveCfg = Release|Any CPU
		{97CED487-AC90-451B-B367-2F78F8515A3D}.Release|Any CPU.Build.0 = Release|Any CPU
		{3C1A75AC-C3B8-4962-A12B-D84F308C1845}.Debug|Any CPU.ActiveCfg = Debug|Any CPU
		{3C1A75AC-C3B8-4962-A12B-D84F308C1845}.Debug|Any CPU.Build.0 = Debug|Any CPU
		{3C1A75AC-C3B8-4962-A12B-D84F308C1845}.Release|Any CPU.ActiveCfg = Release|Any CPU
		{3C1A75AC-C3B8-4962-A12B-D84F308C1845}.Release|Any CPU.Build.0 = Release|Any CPU
		{751FC74D-C9E7-40AD-9740-53845C8741F4}.Debug|Any CPU.ActiveCfg = Debug|Any CPU
		{751FC74D-C9E7-40AD-9740-53845C8741F4}.Debug|Any CPU.Build.0 = Debug|Any CPU
		{751FC74D-C9E7-40AD-9740-53845C8741F4}.Release|Any CPU.ActiveCfg = Release|Any CPU
		{751FC74D-C9E7-40AD-9740-53845C8741F4}.Release|Any CPU.Build.0 = Release|Any CPU
		{C3ADDF4B-703D-486D-85C0-6D32E9C62B52}.Debug|Any CPU.ActiveCfg = Debug|Any CPU
		{C3ADDF4B-703D-486D-85C0-6D32E9C62B52}.Debug|Any CPU.Build.0 = Debug|Any CPU
		{C3ADDF4B-703D-486D-85C0-6D32E9C62B52}.Release|Any CPU.ActiveCfg = Release|Any CPU
		{C3ADDF4B-703D-486D-85C0-6D32E9C62B52}.Release|Any CPU.Build.0 = Release|Any CPU
		{28C557CC-6C71-4440-B0B0-274A8942E07A}.Debug|Any CPU.ActiveCfg = Debug|Any CPU
		{28C557CC-6C71-4440-B0B0-274A8942E07A}.Debug|Any CPU.Build.0 = Debug|Any CPU
		{28C557CC-6C71-4440-B0B0-274A8942E07A}.Release|Any CPU.ActiveCfg = Release|Any CPU
		{28C557CC-6C71-4440-B0B0-274A8942E07A}.Release|Any CPU.Build.0 = Release|Any CPU
		{36EB8EA8-BB96-44A9-AD20-838919C29D25}.Debug|Any CPU.ActiveCfg = Debug|Any CPU
		{36EB8EA8-BB96-44A9-AD20-838919C29D25}.Debug|Any CPU.Build.0 = Debug|Any CPU
		{36EB8EA8-BB96-44A9-AD20-838919C29D25}.Release|Any CPU.ActiveCfg = Release|Any CPU
		{36EB8EA8-BB96-44A9-AD20-838919C29D25}.Release|Any CPU.Build.0 = Release|Any CPU
		{D4D5BEA9-080D-42BC-A781-245B7C9C32D7}.Debug|Any CPU.ActiveCfg = Debug|Any CPU
		{D4D5BEA9-080D-42BC-A781-245B7C9C32D7}.Debug|Any CPU.Build.0 = Debug|Any CPU
		{D4D5BEA9-080D-42BC-A781-245B7C9C32D7}.Release|Any CPU.ActiveCfg = Release|Any CPU
		{D4D5BEA9-080D-42BC-A781-245B7C9C32D7}.Release|Any CPU.Build.0 = Release|Any CPU
	EndGlobalSection
	GlobalSection(SolutionProperties) = preSolution
		HideSolutionNode = FALSE
	EndGlobalSection
	GlobalSection(NestedProjects) = preSolution
		{A2DDD402-3CE6-42B3-8A64-ED0EC9C1B558} = {C1534D23-4A82-441F-8DE8-719621602789}
		{03B9C581-6DDA-476B-8CEF-0325370972F3} = {245B8D2E-DF13-4B71-A18B-E9013A18461B}
		{88494CA1-E335-4116-A479-BD5A5E822641} = {245B8D2E-DF13-4B71-A18B-E9013A18461B}
		{FBF14C4A-7614-4E60-A96E-399F40318CA5} = {88494CA1-E335-4116-A479-BD5A5E822641}
		{30E794FB-4259-4197-8A99-8E1E91903D8D} = {88494CA1-E335-4116-A479-BD5A5E822641}
		{E374FF30-8806-496C-95FF-952BE6138FE6} = {245B8D2E-DF13-4B71-A18B-E9013A18461B}
		{97CED487-AC90-451B-B367-2F78F8515A3D} = {E374FF30-8806-496C-95FF-952BE6138FE6}
		{ADCB26B6-226F-418E-91EB-D204CF18FE5E} = {245B8D2E-DF13-4B71-A18B-E9013A18461B}
		{3C1A75AC-C3B8-4962-A12B-D84F308C1845} = {E374FF30-8806-496C-95FF-952BE6138FE6}
		{751FC74D-C9E7-40AD-9740-53845C8741F4} = {ADCB26B6-226F-418E-91EB-D204CF18FE5E}
		{C3ADDF4B-703D-486D-85C0-6D32E9C62B52} = {ADCB26B6-226F-418E-91EB-D204CF18FE5E}
		{28C557CC-6C71-4440-B0B0-274A8942E07A} = {ADCB26B6-226F-418E-91EB-D204CF18FE5E}
		{36EB8EA8-BB96-44A9-AD20-838919C29D25} = {03B9C581-6DDA-476B-8CEF-0325370972F3}
		{D4D5BEA9-080D-42BC-A781-245B7C9C32D7} = {03B9C581-6DDA-476B-8CEF-0325370972F3}
	EndGlobalSection
	GlobalSection(ExtensibilityGlobals) = postSolution
		SolutionGuid = {E7353EE3-0740-49E7-B2F3-E56075638084}
	EndGlobalSection
EndGlobal
